// !$*UTF8*$!
{
	archiveVersion = 1;
	classes = {
	};
	objectVersion = 48;
	objects = {

/* Begin PBXBuildFile section */
		45060C871F9D8CE500A41E02 /* ImagesCollectionViewController.swift in Sources */ = {isa = PBXBuildFile; fileRef = 45060C861F9D8CE500A41E02 /* ImagesCollectionViewController.swift */; };
		45060C891F9D8D6400A41E02 /* PreviewViewController.swift in Sources */ = {isa = PBXBuildFile; fileRef = 45060C881F9D8D6400A41E02 /* PreviewViewController.swift */; };
		45060C8B1F9D8DE500A41E02 /* ImageCollectionViewCell.swift in Sources */ = {isa = PBXBuildFile; fileRef = 45060C8A1F9D8DE500A41E02 /* ImageCollectionViewCell.swift */; };
		4544D3CC1FB0C4C5007881A4 /* HeaderCollectionReusableView.swift in Sources */ = {isa = PBXBuildFile; fileRef = 4544D3CB1FB0C4C5007881A4 /* HeaderCollectionReusableView.swift */; };
		4544D3CE1FB0C4E3007881A4 /* CategoryImageCollectionViewCell.swift in Sources */ = {isa = PBXBuildFile; fileRef = 4544D3CD1FB0C4E3007881A4 /* CategoryImageCollectionViewCell.swift */; };
		4544D3D01FB0C4FC007881A4 /* CategoryDetailCollectionViewController.swift in Sources */ = {isa = PBXBuildFile; fileRef = 4544D3CF1FB0C4FC007881A4 /* CategoryDetailCollectionViewController.swift */; };
		45473C531FBEF9A200C53EB1 /* DataLoader.swift in Sources */ = {isa = PBXBuildFile; fileRef = 45473C521FBEF9A200C53EB1 /* DataLoader.swift */; };
		45473C551FBF02E900C53EB1 /* GeneralSettingsViewController.swift in Sources */ = {isa = PBXBuildFile; fileRef = 45473C541FBF02E900C53EB1 /* GeneralSettingsViewController.swift */; };
		455642111FB53C84005765D2 /* MiniGamesTableViewController.swift in Sources */ = {isa = PBXBuildFile; fileRef = 455642101FB53C84005765D2 /* MiniGamesTableViewController.swift */; };
		455642131FB53CE6005765D2 /* MinigameDataAcessService.swift in Sources */ = {isa = PBXBuildFile; fileRef = 455642121FB53CE6005765D2 /* MinigameDataAcessService.swift */; };
		455642171FB7962D005765D2 /* MinigameDetailTableViewController.swift in Sources */ = {isa = PBXBuildFile; fileRef = 455642161FB7962D005765D2 /* MinigameDetailTableViewController.swift */; };
		4580ABC91F9D820300E35B75 /* Pods_MemoryGame.framework in Frameworks */ = {isa = PBXBuildFile; fileRef = 4580ABCA1F9D820300E35B75 /* Pods_MemoryGame.framework */; };
		458CD7341FCB85E200DBAE2D /* StatisticsMinigameSelectionTableViewController.swift in Sources */ = {isa = PBXBuildFile; fileRef = 458CD7331FCB85E200DBAE2D /* StatisticsMinigameSelectionTableViewController.swift */; };
		458CD7361FCB860600DBAE2D /* StatisticsDetailViewController.swift in Sources */ = {isa = PBXBuildFile; fileRef = 458CD7351FCB860600DBAE2D /* StatisticsDetailViewController.swift */; };
		45A2BCC01FC7E9C300C672CB /* TimerService.swift in Sources */ = {isa = PBXBuildFile; fileRef = 45A2BCBF1FC7E9C300C672CB /* TimerService.swift */; };
		45D668171F9EB73600FE3D95 /* GameMasterService.swift in Sources */ = {isa = PBXBuildFile; fileRef = 45D668161F9EB73600FE3D95 /* GameMasterService.swift */; };
		45D668191F9EF0B400FE3D95 /* Answer.swift in Sources */ = {isa = PBXBuildFile; fileRef = 45D668181F9EF0B400FE3D95 /* Answer.swift */; };
		45D6681B1F9FB62800FE3D95 /* Minigame_Mode1.swift in Sources */ = {isa = PBXBuildFile; fileRef = 45D6681A1F9FB62800FE3D95 /* Minigame_Mode1.swift */; };
		45D6681D1F9FD84100FE3D95 /* Extensions.swift in Sources */ = {isa = PBXBuildFile; fileRef = 45D6681C1F9FD84100FE3D95 /* Extensions.swift */; };
		45D84B801FAF38520016592D /* CategoryDataAcessService.swift in Sources */ = {isa = PBXBuildFile; fileRef = 45D84B7F1FAF38520016592D /* CategoryDataAcessService.swift */; };
		45D84B821FAF393C0016592D /* CategoryTableViewController.swift in Sources */ = {isa = PBXBuildFile; fileRef = 45D84B811FAF393C0016592D /* CategoryTableViewController.swift */; };
		45DFD2741FBC35B50095E97A /* SettingsModel.swift in Sources */ = {isa = PBXBuildFile; fileRef = 45DFD2731FBC35B50095E97A /* SettingsModel.swift */; };
		45DFD2781FBCBAD80095E97A /* Minigame_Mode2.swift in Sources */ = {isa = PBXBuildFile; fileRef = 45DFD2771FBCBAD80095E97A /* Minigame_Mode2.swift */; };
		45DFD27C1FBE87680095E97A /* SettingsTableViewController.swift in Sources */ = {isa = PBXBuildFile; fileRef = 45DFD27B1FBE87680095E97A /* SettingsTableViewController.swift */; };
		45DFD2801FBEA9D60095E97A /* GradientView.swift in Sources */ = {isa = PBXBuildFile; fileRef = 45DFD27F1FBEA9D60095E97A /* GradientView.swift */; };
		45DFD2881FBEBB750095E97A /* ViewController.swift in Sources */ = {isa = PBXBuildFile; fileRef = 45DFD2871FBEBB740095E97A /* ViewController.swift */; };
		45DFD28A1FBEBB7E0095E97A /* Character.swift in Sources */ = {isa = PBXBuildFile; fileRef = 45DFD2891FBEBB7E0095E97A /* Character.swift */; };
		45DFD28C1FBEBBA20095E97A /* CarouselCollectionViewCell.swift in Sources */ = {isa = PBXBuildFile; fileRef = 45DFD28B1FBEBBA20095E97A /* CarouselCollectionViewCell.swift */; };
		45DFD28D1FBEBCAA0095E97A /* UPCarouselFlowLayout.framework in Frameworks */ = {isa = PBXBuildFile; fileRef = 45DFD28E1FBEBCAA0095E97A /* UPCarouselFlowLayout.framework */; };
		45DFD2991FBEBE030095E97A /* Info.plist in Resources */ = {isa = PBXBuildFile; fileRef = 45DFD2961FBEBE030095E97A /* Info.plist */; };
		45DFD29A1FBEBE030095E97A /* UPCarouselFlowLayout.swift in Sources */ = {isa = PBXBuildFile; fileRef = 45DFD2981FBEBE030095E97A /* UPCarouselFlowLayout.swift */; };
		45DFD6D51F9E3372004BDD90 /* Category.swift in Sources */ = {isa = PBXBuildFile; fileRef = 45DFD6D41F9E3372004BDD90 /* Category.swift */; };
		45DFD6D61F9E33CB004BDD90 /* Realm.framework in Frameworks */ = {isa = PBXBuildFile; fileRef = 45DFD6D71F9E33CB004BDD90 /* Realm.framework */; };
		45DFD6D81F9E33CF004BDD90 /* RealmSwift.framework in Frameworks */ = {isa = PBXBuildFile; fileRef = 45DFD6D91F9E33CF004BDD90 /* RealmSwift.framework */; };
		45DFD6DB1F9E33D5004BDD90 /* Foundation.framework in Frameworks */ = {isa = PBXBuildFile; fileRef = 45DFD6DA1F9E33D5004BDD90 /* Foundation.framework */; };
		45DFD6DD1F9E3435004BDD90 /* Picture.swift in Sources */ = {isa = PBXBuildFile; fileRef = 45DFD6DC1F9E3435004BDD90 /* Picture.swift */; };
		45DFD6DF1F9E34CB004BDD90 /* MiniGame.swift in Sources */ = {isa = PBXBuildFile; fileRef = 45DFD6DE1F9E34CB004BDD90 /* MiniGame.swift */; };
		45EA83B31FC849E400A529F5 /* animales1.jpg in Resources */ = {isa = PBXBuildFile; fileRef = 45EA83531FC849E400A529F5 /* animales1.jpg */; };
		45EA83B41FC849E400A529F5 /* animales10.jpg in Resources */ = {isa = PBXBuildFile; fileRef = 45EA83541FC849E400A529F5 /* animales10.jpg */; };
		45EA83B51FC849E400A529F5 /* animales11.jpg in Resources */ = {isa = PBXBuildFile; fileRef = 45EA83551FC849E400A529F5 /* animales11.jpg */; };
		45EA83B61FC849E400A529F5 /* animales12.jpg in Resources */ = {isa = PBXBuildFile; fileRef = 45EA83561FC849E400A529F5 /* animales12.jpg */; };
		45EA83B71FC849E400A529F5 /* animales13.jpg in Resources */ = {isa = PBXBuildFile; fileRef = 45EA83571FC849E400A529F5 /* animales13.jpg */; };
		45EA83B81FC849E400A529F5 /* animales14.jpg in Resources */ = {isa = PBXBuildFile; fileRef = 45EA83581FC849E400A529F5 /* animales14.jpg */; };
		45EA83B91FC849E400A529F5 /* animales15.jpg in Resources */ = {isa = PBXBuildFile; fileRef = 45EA83591FC849E400A529F5 /* animales15.jpg */; };
		45EA83BA1FC849E400A529F5 /* animales16.jpg in Resources */ = {isa = PBXBuildFile; fileRef = 45EA835A1FC849E400A529F5 /* animales16.jpg */; };
		45EA83BB1FC849E400A529F5 /* animales2.jpg in Resources */ = {isa = PBXBuildFile; fileRef = 45EA835B1FC849E400A529F5 /* animales2.jpg */; };
		45EA83BC1FC849E400A529F5 /* animales3.jpg in Resources */ = {isa = PBXBuildFile; fileRef = 45EA835C1FC849E400A529F5 /* animales3.jpg */; };
		45EA83BD1FC849E400A529F5 /* animales4.jpg in Resources */ = {isa = PBXBuildFile; fileRef = 45EA835D1FC849E400A529F5 /* animales4.jpg */; };
		45EA83BE1FC849E400A529F5 /* animales5.jpg in Resources */ = {isa = PBXBuildFile; fileRef = 45EA835E1FC849E400A529F5 /* animales5.jpg */; };
		45EA83BF1FC849E400A529F5 /* animales6.jpg in Resources */ = {isa = PBXBuildFile; fileRef = 45EA835F1FC849E400A529F5 /* animales6.jpg */; };
		45EA83C01FC849E400A529F5 /* animales7.jpg in Resources */ = {isa = PBXBuildFile; fileRef = 45EA83601FC849E400A529F5 /* animales7.jpg */; };
		45EA83C11FC849E400A529F5 /* animales8.jpg in Resources */ = {isa = PBXBuildFile; fileRef = 45EA83611FC849E400A529F5 /* animales8.jpg */; };
		45EA83C21FC849E400A529F5 /* animales9.jpg in Resources */ = {isa = PBXBuildFile; fileRef = 45EA83621FC849E400A529F5 /* animales9.jpg */; };
		45EA83C31FC849E400A529F5 /* art1.jpg in Resources */ = {isa = PBXBuildFile; fileRef = 45EA83641FC849E400A529F5 /* art1.jpg */; };
		45EA83C41FC849E400A529F5 /* art10.jpg in Resources */ = {isa = PBXBuildFile; fileRef = 45EA83651FC849E400A529F5 /* art10.jpg */; };
		45EA83C51FC849E400A529F5 /* art11.jpg in Resources */ = {isa = PBXBuildFile; fileRef = 45EA83661FC849E400A529F5 /* art11.jpg */; };
		45EA83C61FC849E400A529F5 /* art2.jpg in Resources */ = {isa = PBXBuildFile; fileRef = 45EA83671FC849E400A529F5 /* art2.jpg */; };
		45EA83C71FC849E400A529F5 /* art3.jpg in Resources */ = {isa = PBXBuildFile; fileRef = 45EA83681FC849E400A529F5 /* art3.jpg */; };
		45EA83C81FC849E400A529F5 /* art4.jpg in Resources */ = {isa = PBXBuildFile; fileRef = 45EA83691FC849E400A529F5 /* art4.jpg */; };
		45EA83C91FC849E400A529F5 /* art5.jpg in Resources */ = {isa = PBXBuildFile; fileRef = 45EA836A1FC849E400A529F5 /* art5.jpg */; };
		45EA83CA1FC849E400A529F5 /* art6.jpg in Resources */ = {isa = PBXBuildFile; fileRef = 45EA836B1FC849E400A529F5 /* art6.jpg */; };
		45EA83CB1FC849E400A529F5 /* art7.jpg in Resources */ = {isa = PBXBuildFile; fileRef = 45EA836C1FC849E400A529F5 /* art7.jpg */; };
		45EA83CC1FC849E400A529F5 /* art8.jpg in Resources */ = {isa = PBXBuildFile; fileRef = 45EA836D1FC849E400A529F5 /* art8.jpg */; };
		45EA83CD1FC849E400A529F5 /* art9.jpg in Resources */ = {isa = PBXBuildFile; fileRef = 45EA836E1FC849E400A529F5 /* art9.jpg */; };
		45EA83CE1FC849E400A529F5 /* banderas1.jpg in Resources */ = {isa = PBXBuildFile; fileRef = 45EA83701FC849E400A529F5 /* banderas1.jpg */; };
		45EA83CF1FC849E400A529F5 /* banderas10.jpg in Resources */ = {isa = PBXBuildFile; fileRef = 45EA83711FC849E400A529F5 /* banderas10.jpg */; };
		45EA83D01FC849E400A529F5 /* banderas11.jpg in Resources */ = {isa = PBXBuildFile; fileRef = 45EA83721FC849E400A529F5 /* banderas11.jpg */; };
		45EA83D11FC849E400A529F5 /* banderas12.jpg in Resources */ = {isa = PBXBuildFile; fileRef = 45EA83731FC849E400A529F5 /* banderas12.jpg */; };
		45EA83D21FC849E400A529F5 /* banderas13.jpg in Resources */ = {isa = PBXBuildFile; fileRef = 45EA83741FC849E400A529F5 /* banderas13.jpg */; };
		45EA83D31FC849E400A529F5 /* banderas14.jpg in Resources */ = {isa = PBXBuildFile; fileRef = 45EA83751FC849E400A529F5 /* banderas14.jpg */; };
		45EA83D41FC849E400A529F5 /* banderas15.jpg in Resources */ = {isa = PBXBuildFile; fileRef = 45EA83761FC849E400A529F5 /* banderas15.jpg */; };
		45EA83D51FC849E400A529F5 /* banderas16.jpg in Resources */ = {isa = PBXBuildFile; fileRef = 45EA83771FC849E400A529F5 /* banderas16.jpg */; };
		45EA83D61FC849E400A529F5 /* banderas2.jpg in Resources */ = {isa = PBXBuildFile; fileRef = 45EA83781FC849E400A529F5 /* banderas2.jpg */; };
		45EA83D71FC849E400A529F5 /* banderas3.jpg in Resources */ = {isa = PBXBuildFile; fileRef = 45EA83791FC849E400A529F5 /* banderas3.jpg */; };
		45EA83D81FC849E400A529F5 /* banderas4.jpg in Resources */ = {isa = PBXBuildFile; fileRef = 45EA837A1FC849E400A529F5 /* banderas4.jpg */; };
		45EA83D91FC849E400A529F5 /* banderas5.jpg in Resources */ = {isa = PBXBuildFile; fileRef = 45EA837B1FC849E400A529F5 /* banderas5.jpg */; };
		45EA83DA1FC849E400A529F5 /* banderas6.jpg in Resources */ = {isa = PBXBuildFile; fileRef = 45EA837C1FC849E400A529F5 /* banderas6.jpg */; };
		45EA83DB1FC849E400A529F5 /* banderas7.jpg in Resources */ = {isa = PBXBuildFile; fileRef = 45EA837D1FC849E400A529F5 /* banderas7.jpg */; };
		45EA83DC1FC849E400A529F5 /* banderas8.jpg in Resources */ = {isa = PBXBuildFile; fileRef = 45EA837E1FC849E400A529F5 /* banderas8.jpg */; };
		45EA83DD1FC849E400A529F5 /* banderas9.jpg in Resources */ = {isa = PBXBuildFile; fileRef = 45EA837F1FC849E400A529F5 /* banderas9.jpg */; };
		45EA83DE1FC849E400A529F5 /* historicos1.jpg in Resources */ = {isa = PBXBuildFile; fileRef = 45EA83811FC849E400A529F5 /* historicos1.jpg */; };
		45EA83DF1FC849E400A529F5 /* historicos10.jpg in Resources */ = {isa = PBXBuildFile; fileRef = 45EA83821FC849E400A529F5 /* historicos10.jpg */; };
		45EA83E01FC849E400A529F5 /* historicos11.jpg in Resources */ = {isa = PBXBuildFile; fileRef = 45EA83831FC849E400A529F5 /* historicos11.jpg */; };
		45EA83E11FC849E400A529F5 /* historicos12.jpg in Resources */ = {isa = PBXBuildFile; fileRef = 45EA83841FC849E400A529F5 /* historicos12.jpg */; };
		45EA83E21FC849E400A529F5 /* historicos13.jpg in Resources */ = {isa = PBXBuildFile; fileRef = 45EA83851FC849E400A529F5 /* historicos13.jpg */; };
		45EA83E31FC849E400A529F5 /* historicos14.jpg in Resources */ = {isa = PBXBuildFile; fileRef = 45EA83861FC849E400A529F5 /* historicos14.jpg */; };
		45EA83E41FC849E400A529F5 /* historicos15.jpg in Resources */ = {isa = PBXBuildFile; fileRef = 45EA83871FC849E400A529F5 /* historicos15.jpg */; };
		45EA83E51FC849E400A529F5 /* historicos16.jpg in Resources */ = {isa = PBXBuildFile; fileRef = 45EA83881FC849E400A529F5 /* historicos16.jpg */; };
		45EA83E61FC849E400A529F5 /* historicos2.jpg in Resources */ = {isa = PBXBuildFile; fileRef = 45EA83891FC849E400A529F5 /* historicos2.jpg */; };
		45EA83E71FC849E400A529F5 /* historicos3.jpg in Resources */ = {isa = PBXBuildFile; fileRef = 45EA838A1FC849E400A529F5 /* historicos3.jpg */; };
		45EA83E81FC849E400A529F5 /* historicos4.jpg in Resources */ = {isa = PBXBuildFile; fileRef = 45EA838B1FC849E400A529F5 /* historicos4.jpg */; };
		45EA83E91FC849E400A529F5 /* historicos5.jpg in Resources */ = {isa = PBXBuildFile; fileRef = 45EA838C1FC849E400A529F5 /* historicos5.jpg */; };
		45EA83EA1FC849E400A529F5 /* historicos6.jpg in Resources */ = {isa = PBXBuildFile; fileRef = 45EA838D1FC849E400A529F5 /* historicos6.jpg */; };
		45EA83EB1FC849E400A529F5 /* historicos7.jpg in Resources */ = {isa = PBXBuildFile; fileRef = 45EA838E1FC849E400A529F5 /* historicos7.jpg */; };
		45EA83EC1FC849E400A529F5 /* historicos8.jpg in Resources */ = {isa = PBXBuildFile; fileRef = 45EA838F1FC849E400A529F5 /* historicos8.jpg */; };
		45EA83ED1FC849E400A529F5 /* historicos9.jpg in Resources */ = {isa = PBXBuildFile; fileRef = 45EA83901FC849E400A529F5 /* historicos9.jpg */; };
		45EA83EE1FC849E400A529F5 /* paisaje1.jpg in Resources */ = {isa = PBXBuildFile; fileRef = 45EA83921FC849E400A529F5 /* paisaje1.jpg */; };
		45EA83EF1FC849E400A529F5 /* paisaje10.jpg in Resources */ = {isa = PBXBuildFile; fileRef = 45EA83931FC849E400A529F5 /* paisaje10.jpg */; };
		45EA83F01FC849E400A529F5 /* paisaje11.jpg in Resources */ = {isa = PBXBuildFile; fileRef = 45EA83941FC849E400A529F5 /* paisaje11.jpg */; };
		45EA83F11FC849E400A529F5 /* paisaje12.jpg in Resources */ = {isa = PBXBuildFile; fileRef = 45EA83951FC849E400A529F5 /* paisaje12.jpg */; };
		45EA83F21FC849E400A529F5 /* paisaje13.jpg in Resources */ = {isa = PBXBuildFile; fileRef = 45EA83961FC849E400A529F5 /* paisaje13.jpg */; };
		45EA83F31FC849E400A529F5 /* paisaje14.jpg in Resources */ = {isa = PBXBuildFile; fileRef = 45EA83971FC849E400A529F5 /* paisaje14.jpg */; };
		45EA83F41FC849E400A529F5 /* paisaje15.jpg in Resources */ = {isa = PBXBuildFile; fileRef = 45EA83981FC849E400A529F5 /* paisaje15.jpg */; };
		45EA83F51FC849E400A529F5 /* paisaje16.jpg in Resources */ = {isa = PBXBuildFile; fileRef = 45EA83991FC849E400A529F5 /* paisaje16.jpg */; };
		45EA83F61FC849E400A529F5 /* paisaje2.jpg in Resources */ = {isa = PBXBuildFile; fileRef = 45EA839A1FC849E400A529F5 /* paisaje2.jpg */; };
		45EA83F71FC849E400A529F5 /* paisaje3.jpg in Resources */ = {isa = PBXBuildFile; fileRef = 45EA839B1FC849E400A529F5 /* paisaje3.jpg */; };
		45EA83F81FC849E400A529F5 /* paisaje4.jpg in Resources */ = {isa = PBXBuildFile; fileRef = 45EA839C1FC849E400A529F5 /* paisaje4.jpg */; };
		45EA83F91FC849E400A529F5 /* paisaje5.jpg in Resources */ = {isa = PBXBuildFile; fileRef = 45EA839D1FC849E400A529F5 /* paisaje5.jpg */; };
		45EA83FA1FC849E400A529F5 /* paisaje6.jpg in Resources */ = {isa = PBXBuildFile; fileRef = 45EA839E1FC849E400A529F5 /* paisaje6.jpg */; };
		45EA83FB1FC849E400A529F5 /* paisaje7.jpg in Resources */ = {isa = PBXBuildFile; fileRef = 45EA839F1FC849E400A529F5 /* paisaje7.jpg */; };
		45EA83FC1FC849E400A529F5 /* paisaje8.jpg in Resources */ = {isa = PBXBuildFile; fileRef = 45EA83A01FC849E400A529F5 /* paisaje8.jpg */; };
		45EA83FD1FC849E400A529F5 /* paisaje9.jpg in Resources */ = {isa = PBXBuildFile; fileRef = 45EA83A11FC849E400A529F5 /* paisaje9.jpg */; };
		45EA83FE1FC849E400A529F5 /* platillo1.jpg in Resources */ = {isa = PBXBuildFile; fileRef = 45EA83A31FC849E400A529F5 /* platillo1.jpg */; };
		45EA83FF1FC849E400A529F5 /* platillo10.jpg in Resources */ = {isa = PBXBuildFile; fileRef = 45EA83A41FC849E400A529F5 /* platillo10.jpg */; };
		45EA84001FC849E400A529F5 /* platillo11.jpg in Resources */ = {isa = PBXBuildFile; fileRef = 45EA83A51FC849E400A529F5 /* platillo11.jpg */; };
		45EA84011FC849E400A529F5 /* platillo12.jpg in Resources */ = {isa = PBXBuildFile; fileRef = 45EA83A61FC849E400A529F5 /* platillo12.jpg */; };
		45EA84021FC849E400A529F5 /* platillo13.jpg in Resources */ = {isa = PBXBuildFile; fileRef = 45EA83A71FC849E400A529F5 /* platillo13.jpg */; };
		45EA84031FC849E400A529F5 /* platillo14.jpg in Resources */ = {isa = PBXBuildFile; fileRef = 45EA83A81FC849E400A529F5 /* platillo14.jpg */; };
		45EA84041FC849E400A529F5 /* platillo15.jpg in Resources */ = {isa = PBXBuildFile; fileRef = 45EA83A91FC849E400A529F5 /* platillo15.jpg */; };
		45EA84051FC849E400A529F5 /* platillo16.jpg in Resources */ = {isa = PBXBuildFile; fileRef = 45EA83AA1FC849E400A529F5 /* platillo16.jpg */; };
		45EA84061FC849E400A529F5 /* platillo2.jpg in Resources */ = {isa = PBXBuildFile; fileRef = 45EA83AB1FC849E400A529F5 /* platillo2.jpg */; };
		45EA84071FC849E400A529F5 /* platillo3.jpg in Resources */ = {isa = PBXBuildFile; fileRef = 45EA83AC1FC849E400A529F5 /* platillo3.jpg */; };
		45EA84081FC849E400A529F5 /* platillo4.jpg in Resources */ = {isa = PBXBuildFile; fileRef = 45EA83AD1FC849E400A529F5 /* platillo4.jpg */; };
		45EA84091FC849E400A529F5 /* platillo5.jpg in Resources */ = {isa = PBXBuildFile; fileRef = 45EA83AE1FC849E400A529F5 /* platillo5.jpg */; };
		45EA840A1FC849E400A529F5 /* platillo6.jpg in Resources */ = {isa = PBXBuildFile; fileRef = 45EA83AF1FC849E400A529F5 /* platillo6.jpg */; };
		45EA840B1FC849E400A529F5 /* platillo7.jpg in Resources */ = {isa = PBXBuildFile; fileRef = 45EA83B01FC849E400A529F5 /* platillo7.jpg */; };
		45EA840C1FC849E400A529F5 /* platillo8.jpg in Resources */ = {isa = PBXBuildFile; fileRef = 45EA83B11FC849E400A529F5 /* platillo8.jpg */; };
		45EA840D1FC849E400A529F5 /* platillo9.jpg in Resources */ = {isa = PBXBuildFile; fileRef = 45EA83B21FC849E400A529F5 /* platillo9.jpg */; };
		45F57FA81F9D72BB009AAECB /* AppDelegate.swift in Sources */ = {isa = PBXBuildFile; fileRef = 45F57FA71F9D72BB009AAECB /* AppDelegate.swift */; };
		45F57FAF1F9D72BB009AAECB /* Main.storyboard in Resources */ = {isa = PBXBuildFile; fileRef = 45F57FAD1F9D72BB009AAECB /* Main.storyboard */; };
		45F57FB11F9D72BB009AAECB /* Assets.xcassets in Resources */ = {isa = PBXBuildFile; fileRef = 45F57FB01F9D72BB009AAECB /* Assets.xcassets */; };
		45F57FB41F9D72BB009AAECB /* LaunchScreen.storyboard in Resources */ = {isa = PBXBuildFile; fileRef = 45F57FB21F9D72BB009AAECB /* LaunchScreen.storyboard */; };
/* End PBXBuildFile section */

/* Begin PBXFileReference section */
		19DA6C1559659417BEB77278 /* Pods-MemoryGame.debug.xcconfig */ = {isa = PBXFileReference; includeInIndex = 1; lastKnownFileType = text.xcconfig; name = "Pods-MemoryGame.debug.xcconfig"; path = "Pods/Target Support Files/Pods-MemoryGame/Pods-MemoryGame.debug.xcconfig"; sourceTree = "<group>"; };
		45060C861F9D8CE500A41E02 /* ImagesCollectionViewController.swift */ = {isa = PBXFileReference; lastKnownFileType = sourcecode.swift; path = ImagesCollectionViewController.swift; sourceTree = "<group>"; };
		45060C881F9D8D6400A41E02 /* PreviewViewController.swift */ = {isa = PBXFileReference; lastKnownFileType = sourcecode.swift; path = PreviewViewController.swift; sourceTree = "<group>"; };
		45060C8A1F9D8DE500A41E02 /* ImageCollectionViewCell.swift */ = {isa = PBXFileReference; lastKnownFileType = sourcecode.swift; path = ImageCollectionViewCell.swift; sourceTree = "<group>"; };
		4544D3CB1FB0C4C5007881A4 /* HeaderCollectionReusableView.swift */ = {isa = PBXFileReference; lastKnownFileType = sourcecode.swift; path = HeaderCollectionReusableView.swift; sourceTree = "<group>"; };
		4544D3CD1FB0C4E3007881A4 /* CategoryImageCollectionViewCell.swift */ = {isa = PBXFileReference; lastKnownFileType = sourcecode.swift; path = CategoryImageCollectionViewCell.swift; sourceTree = "<group>"; };
		4544D3CF1FB0C4FC007881A4 /* CategoryDetailCollectionViewController.swift */ = {isa = PBXFileReference; lastKnownFileType = sourcecode.swift; path = CategoryDetailCollectionViewController.swift; sourceTree = "<group>"; };
		45473C521FBEF9A200C53EB1 /* DataLoader.swift */ = {isa = PBXFileReference; lastKnownFileType = sourcecode.swift; path = DataLoader.swift; sourceTree = "<group>"; };
		45473C541FBF02E900C53EB1 /* GeneralSettingsViewController.swift */ = {isa = PBXFileReference; lastKnownFileType = sourcecode.swift; path = GeneralSettingsViewController.swift; sourceTree = "<group>"; };
		455642101FB53C84005765D2 /* MiniGamesTableViewController.swift */ = {isa = PBXFileReference; lastKnownFileType = sourcecode.swift; path = MiniGamesTableViewController.swift; sourceTree = "<group>"; };
		455642121FB53CE6005765D2 /* MinigameDataAcessService.swift */ = {isa = PBXFileReference; lastKnownFileType = sourcecode.swift; path = MinigameDataAcessService.swift; sourceTree = "<group>"; };
		455642161FB7962D005765D2 /* MinigameDetailTableViewController.swift */ = {isa = PBXFileReference; lastKnownFileType = sourcecode.swift; path = MinigameDetailTableViewController.swift; sourceTree = "<group>"; };
		4580ABCA1F9D820300E35B75 /* Pods_MemoryGame.framework */ = {isa = PBXFileReference; explicitFileType = wrapper.framework; path = Pods_MemoryGame.framework; sourceTree = BUILT_PRODUCTS_DIR; };
		4580ABCC1F9D820600E35B75 /* PeekPop.framework */ = {isa = PBXFileReference; explicitFileType = wrapper.framework; path = PeekPop.framework; sourceTree = BUILT_PRODUCTS_DIR; };
		458CD7331FCB85E200DBAE2D /* StatisticsMinigameSelectionTableViewController.swift */ = {isa = PBXFileReference; lastKnownFileType = sourcecode.swift; path = StatisticsMinigameSelectionTableViewController.swift; sourceTree = "<group>"; };
		458CD7351FCB860600DBAE2D /* StatisticsDetailViewController.swift */ = {isa = PBXFileReference; lastKnownFileType = sourcecode.swift; path = StatisticsDetailViewController.swift; sourceTree = "<group>"; };
		45A2BCBF1FC7E9C300C672CB /* TimerService.swift */ = {isa = PBXFileReference; lastKnownFileType = sourcecode.swift; path = TimerService.swift; sourceTree = "<group>"; };
		45D668161F9EB73600FE3D95 /* GameMasterService.swift */ = {isa = PBXFileReference; lastKnownFileType = sourcecode.swift; path = GameMasterService.swift; sourceTree = "<group>"; };
		45D668181F9EF0B400FE3D95 /* Answer.swift */ = {isa = PBXFileReference; lastKnownFileType = sourcecode.swift; path = Answer.swift; sourceTree = "<group>"; };
		45D6681A1F9FB62800FE3D95 /* Minigame_Mode1.swift */ = {isa = PBXFileReference; lastKnownFileType = sourcecode.swift; path = Minigame_Mode1.swift; sourceTree = "<group>"; };
		45D6681C1F9FD84100FE3D95 /* Extensions.swift */ = {isa = PBXFileReference; lastKnownFileType = sourcecode.swift; path = Extensions.swift; sourceTree = "<group>"; };
		45D84B7F1FAF38520016592D /* CategoryDataAcessService.swift */ = {isa = PBXFileReference; lastKnownFileType = sourcecode.swift; path = CategoryDataAcessService.swift; sourceTree = "<group>"; };
		45D84B811FAF393C0016592D /* CategoryTableViewController.swift */ = {isa = PBXFileReference; lastKnownFileType = sourcecode.swift; path = CategoryTableViewController.swift; sourceTree = "<group>"; };
		45DFD2731FBC35B50095E97A /* SettingsModel.swift */ = {isa = PBXFileReference; lastKnownFileType = sourcecode.swift; path = SettingsModel.swift; sourceTree = "<group>"; };
		45DFD2771FBCBAD80095E97A /* Minigame_Mode2.swift */ = {isa = PBXFileReference; lastKnownFileType = sourcecode.swift; path = Minigame_Mode2.swift; sourceTree = "<group>"; };
		45DFD27B1FBE87680095E97A /* SettingsTableViewController.swift */ = {isa = PBXFileReference; lastKnownFileType = sourcecode.swift; path = SettingsTableViewController.swift; sourceTree = "<group>"; };
		45DFD27F1FBEA9D60095E97A /* GradientView.swift */ = {isa = PBXFileReference; lastKnownFileType = sourcecode.swift; path = GradientView.swift; sourceTree = "<group>"; };
		45DFD2871FBEBB740095E97A /* ViewController.swift */ = {isa = PBXFileReference; fileEncoding = 4; lastKnownFileType = sourcecode.swift; path = ViewController.swift; sourceTree = "<group>"; };
		45DFD2891FBEBB7E0095E97A /* Character.swift */ = {isa = PBXFileReference; fileEncoding = 4; lastKnownFileType = sourcecode.swift; path = Character.swift; sourceTree = "<group>"; };
		45DFD28B1FBEBBA20095E97A /* CarouselCollectionViewCell.swift */ = {isa = PBXFileReference; fileEncoding = 4; lastKnownFileType = sourcecode.swift; path = CarouselCollectionViewCell.swift; sourceTree = "<group>"; };
		45DFD28E1FBEBCAA0095E97A /* UPCarouselFlowLayout.framework */ = {isa = PBXFileReference; explicitFileType = wrapper.framework; path = UPCarouselFlowLayout.framework; sourceTree = BUILT_PRODUCTS_DIR; };
		45DFD2961FBEBE030095E97A /* Info.plist */ = {isa = PBXFileReference; fileEncoding = 4; lastKnownFileType = text.plist.xml; path = Info.plist; sourceTree = "<group>"; };
		45DFD2971FBEBE030095E97A /* UPCarouselFlowLayout.h */ = {isa = PBXFileReference; fileEncoding = 4; lastKnownFileType = sourcecode.c.h; path = UPCarouselFlowLayout.h; sourceTree = "<group>"; };
		45DFD2981FBEBE030095E97A /* UPCarouselFlowLayout.swift */ = {isa = PBXFileReference; fileEncoding = 4; lastKnownFileType = sourcecode.swift; path = UPCarouselFlowLayout.swift; sourceTree = "<group>"; };
		45DFD6D41F9E3372004BDD90 /* Category.swift */ = {isa = PBXFileReference; lastKnownFileType = sourcecode.swift; path = Category.swift; sourceTree = "<group>"; };
		45DFD6D71F9E33CB004BDD90 /* Realm.framework */ = {isa = PBXFileReference; explicitFileType = wrapper.framework; path = Realm.framework; sourceTree = BUILT_PRODUCTS_DIR; };
		45DFD6D91F9E33CF004BDD90 /* RealmSwift.framework */ = {isa = PBXFileReference; explicitFileType = wrapper.framework; path = RealmSwift.framework; sourceTree = BUILT_PRODUCTS_DIR; };
		45DFD6DA1F9E33D5004BDD90 /* Foundation.framework */ = {isa = PBXFileReference; lastKnownFileType = wrapper.framework; name = Foundation.framework; path = System/Library/Frameworks/Foundation.framework; sourceTree = SDKROOT; };
		45DFD6DC1F9E3435004BDD90 /* Picture.swift */ = {isa = PBXFileReference; lastKnownFileType = sourcecode.swift; path = Picture.swift; sourceTree = "<group>"; };
		45DFD6DE1F9E34CB004BDD90 /* MiniGame.swift */ = {isa = PBXFileReference; lastKnownFileType = sourcecode.swift; path = MiniGame.swift; sourceTree = "<group>"; };
		45EA83531FC849E400A529F5 /* animales1.jpg */ = {isa = PBXFileReference; lastKnownFileType = image.jpeg; path = animales1.jpg; sourceTree = "<group>"; };
		45EA83541FC849E400A529F5 /* animales10.jpg */ = {isa = PBXFileReference; lastKnownFileType = image.jpeg; path = animales10.jpg; sourceTree = "<group>"; };
		45EA83551FC849E400A529F5 /* animales11.jpg */ = {isa = PBXFileReference; lastKnownFileType = image.jpeg; path = animales11.jpg; sourceTree = "<group>"; };
		45EA83561FC849E400A529F5 /* animales12.jpg */ = {isa = PBXFileReference; lastKnownFileType = image.jpeg; path = animales12.jpg; sourceTree = "<group>"; };
		45EA83571FC849E400A529F5 /* animales13.jpg */ = {isa = PBXFileReference; lastKnownFileType = image.jpeg; path = animales13.jpg; sourceTree = "<group>"; };
		45EA83581FC849E400A529F5 /* animales14.jpg */ = {isa = PBXFileReference; lastKnownFileType = image.jpeg; path = animales14.jpg; sourceTree = "<group>"; };
		45EA83591FC849E400A529F5 /* animales15.jpg */ = {isa = PBXFileReference; lastKnownFileType = image.jpeg; path = animales15.jpg; sourceTree = "<group>"; };
		45EA835A1FC849E400A529F5 /* animales16.jpg */ = {isa = PBXFileReference; lastKnownFileType = image.jpeg; path = animales16.jpg; sourceTree = "<group>"; };
		45EA835B1FC849E400A529F5 /* animales2.jpg */ = {isa = PBXFileReference; lastKnownFileType = image.jpeg; path = animales2.jpg; sourceTree = "<group>"; };
		45EA835C1FC849E400A529F5 /* animales3.jpg */ = {isa = PBXFileReference; lastKnownFileType = image.jpeg; path = animales3.jpg; sourceTree = "<group>"; };
		45EA835D1FC849E400A529F5 /* animales4.jpg */ = {isa = PBXFileReference; lastKnownFileType = image.jpeg; path = animales4.jpg; sourceTree = "<group>"; };
		45EA835E1FC849E400A529F5 /* animales5.jpg */ = {isa = PBXFileReference; lastKnownFileType = image.jpeg; path = animales5.jpg; sourceTree = "<group>"; };
		45EA835F1FC849E400A529F5 /* animales6.jpg */ = {isa = PBXFileReference; lastKnownFileType = image.jpeg; path = animales6.jpg; sourceTree = "<group>"; };
		45EA83601FC849E400A529F5 /* animales7.jpg */ = {isa = PBXFileReference; lastKnownFileType = image.jpeg; path = animales7.jpg; sourceTree = "<group>"; };
		45EA83611FC849E400A529F5 /* animales8.jpg */ = {isa = PBXFileReference; lastKnownFileType = image.jpeg; path = animales8.jpg; sourceTree = "<group>"; };
		45EA83621FC849E400A529F5 /* animales9.jpg */ = {isa = PBXFileReference; lastKnownFileType = image.jpeg; path = animales9.jpg; sourceTree = "<group>"; };
		45EA83641FC849E400A529F5 /* art1.jpg */ = {isa = PBXFileReference; lastKnownFileType = image.jpeg; path = art1.jpg; sourceTree = "<group>"; };
		45EA83651FC849E400A529F5 /* art10.jpg */ = {isa = PBXFileReference; lastKnownFileType = image.jpeg; path = art10.jpg; sourceTree = "<group>"; };
		45EA83661FC849E400A529F5 /* art11.jpg */ = {isa = PBXFileReference; lastKnownFileType = image.jpeg; path = art11.jpg; sourceTree = "<group>"; };
		45EA83671FC849E400A529F5 /* art2.jpg */ = {isa = PBXFileReference; lastKnownFileType = image.jpeg; path = art2.jpg; sourceTree = "<group>"; };
		45EA83681FC849E400A529F5 /* art3.jpg */ = {isa = PBXFileReference; lastKnownFileType = image.jpeg; path = art3.jpg; sourceTree = "<group>"; };
		45EA83691FC849E400A529F5 /* art4.jpg */ = {isa = PBXFileReference; lastKnownFileType = image.jpeg; path = art4.jpg; sourceTree = "<group>"; };
		45EA836A1FC849E400A529F5 /* art5.jpg */ = {isa = PBXFileReference; lastKnownFileType = image.jpeg; path = art5.jpg; sourceTree = "<group>"; };
		45EA836B1FC849E400A529F5 /* art6.jpg */ = {isa = PBXFileReference; lastKnownFileType = image.jpeg; path = art6.jpg; sourceTree = "<group>"; };
		45EA836C1FC849E400A529F5 /* art7.jpg */ = {isa = PBXFileReference; lastKnownFileType = image.jpeg; path = art7.jpg; sourceTree = "<group>"; };
		45EA836D1FC849E400A529F5 /* art8.jpg */ = {isa = PBXFileReference; lastKnownFileType = image.jpeg; path = art8.jpg; sourceTree = "<group>"; };
		45EA836E1FC849E400A529F5 /* art9.jpg */ = {isa = PBXFileReference; lastKnownFileType = image.jpeg; path = art9.jpg; sourceTree = "<group>"; };
		45EA83701FC849E400A529F5 /* banderas1.jpg */ = {isa = PBXFileReference; lastKnownFileType = image.jpeg; path = banderas1.jpg; sourceTree = "<group>"; };
		45EA83711FC849E400A529F5 /* banderas10.jpg */ = {isa = PBXFileReference; lastKnownFileType = image.jpeg; path = banderas10.jpg; sourceTree = "<group>"; };
		45EA83721FC849E400A529F5 /* banderas11.jpg */ = {isa = PBXFileReference; lastKnownFileType = image.jpeg; path = banderas11.jpg; sourceTree = "<group>"; };
		45EA83731FC849E400A529F5 /* banderas12.jpg */ = {isa = PBXFileReference; lastKnownFileType = image.jpeg; path = banderas12.jpg; sourceTree = "<group>"; };
		45EA83741FC849E400A529F5 /* banderas13.jpg */ = {isa = PBXFileReference; lastKnownFileType = image.jpeg; path = banderas13.jpg; sourceTree = "<group>"; };
		45EA83751FC849E400A529F5 /* banderas14.jpg */ = {isa = PBXFileReference; lastKnownFileType = image.jpeg; path = banderas14.jpg; sourceTree = "<group>"; };
		45EA83761FC849E400A529F5 /* banderas15.jpg */ = {isa = PBXFileReference; lastKnownFileType = image.jpeg; path = banderas15.jpg; sourceTree = "<group>"; };
		45EA83771FC849E400A529F5 /* banderas16.jpg */ = {isa = PBXFileReference; lastKnownFileType = image.jpeg; path = banderas16.jpg; sourceTree = "<group>"; };
		45EA83781FC849E400A529F5 /* banderas2.jpg */ = {isa = PBXFileReference; lastKnownFileType = image.jpeg; path = banderas2.jpg; sourceTree = "<group>"; };
		45EA83791FC849E400A529F5 /* banderas3.jpg */ = {isa = PBXFileReference; lastKnownFileType = image.jpeg; path = banderas3.jpg; sourceTree = "<group>"; };
		45EA837A1FC849E400A529F5 /* banderas4.jpg */ = {isa = PBXFileReference; lastKnownFileType = image.jpeg; path = banderas4.jpg; sourceTree = "<group>"; };
		45EA837B1FC849E400A529F5 /* banderas5.jpg */ = {isa = PBXFileReference; lastKnownFileType = image.jpeg; path = banderas5.jpg; sourceTree = "<group>"; };
		45EA837C1FC849E400A529F5 /* banderas6.jpg */ = {isa = PBXFileReference; lastKnownFileType = image.jpeg; path = banderas6.jpg; sourceTree = "<group>"; };
		45EA837D1FC849E400A529F5 /* banderas7.jpg */ = {isa = PBXFileReference; lastKnownFileType = image.jpeg; path = banderas7.jpg; sourceTree = "<group>"; };
		45EA837E1FC849E400A529F5 /* banderas8.jpg */ = {isa = PBXFileReference; lastKnownFileType = image.jpeg; path = banderas8.jpg; sourceTree = "<group>"; };
		45EA837F1FC849E400A529F5 /* banderas9.jpg */ = {isa = PBXFileReference; lastKnownFileType = image.jpeg; path = banderas9.jpg; sourceTree = "<group>"; };
		45EA83811FC849E400A529F5 /* historicos1.jpg */ = {isa = PBXFileReference; lastKnownFileType = image.jpeg; path = historicos1.jpg; sourceTree = "<group>"; };
		45EA83821FC849E400A529F5 /* historicos10.jpg */ = {isa = PBXFileReference; lastKnownFileType = image.jpeg; path = historicos10.jpg; sourceTree = "<group>"; };
		45EA83831FC849E400A529F5 /* historicos11.jpg */ = {isa = PBXFileReference; lastKnownFileType = image.jpeg; path = historicos11.jpg; sourceTree = "<group>"; };
		45EA83841FC849E400A529F5 /* historicos12.jpg */ = {isa = PBXFileReference; lastKnownFileType = image.jpeg; path = historicos12.jpg; sourceTree = "<group>"; };
		45EA83851FC849E400A529F5 /* historicos13.jpg */ = {isa = PBXFileReference; lastKnownFileType = image.jpeg; path = historicos13.jpg; sourceTree = "<group>"; };
		45EA83861FC849E400A529F5 /* historicos14.jpg */ = {isa = PBXFileReference; lastKnownFileType = image.jpeg; path = historicos14.jpg; sourceTree = "<group>"; };
		45EA83871FC849E400A529F5 /* historicos15.jpg */ = {isa = PBXFileReference; lastKnownFileType = image.jpeg; path = historicos15.jpg; sourceTree = "<group>"; };
		45EA83881FC849E400A529F5 /* historicos16.jpg */ = {isa = PBXFileReference; lastKnownFileType = image.jpeg; path = historicos16.jpg; sourceTree = "<group>"; };
		45EA83891FC849E400A529F5 /* historicos2.jpg */ = {isa = PBXFileReference; lastKnownFileType = image.jpeg; path = historicos2.jpg; sourceTree = "<group>"; };
		45EA838A1FC849E400A529F5 /* historicos3.jpg */ = {isa = PBXFileReference; lastKnownFileType = image.jpeg; path = historicos3.jpg; sourceTree = "<group>"; };
		45EA838B1FC849E400A529F5 /* historicos4.jpg */ = {isa = PBXFileReference; lastKnownFileType = image.jpeg; path = historicos4.jpg; sourceTree = "<group>"; };
		45EA838C1FC849E400A529F5 /* historicos5.jpg */ = {isa = PBXFileReference; lastKnownFileType = image.jpeg; path = historicos5.jpg; sourceTree = "<group>"; };
		45EA838D1FC849E400A529F5 /* historicos6.jpg */ = {isa = PBXFileReference; lastKnownFileType = image.jpeg; path = historicos6.jpg; sourceTree = "<group>"; };
		45EA838E1FC849E400A529F5 /* historicos7.jpg */ = {isa = PBXFileReference; lastKnownFileType = image.jpeg; path = historicos7.jpg; sourceTree = "<group>"; };
		45EA838F1FC849E400A529F5 /* historicos8.jpg */ = {isa = PBXFileReference; lastKnownFileType = image.jpeg; path = historicos8.jpg; sourceTree = "<group>"; };
		45EA83901FC849E400A529F5 /* historicos9.jpg */ = {isa = PBXFileReference; lastKnownFileType = image.jpeg; path = historicos9.jpg; sourceTree = "<group>"; };
		45EA83921FC849E400A529F5 /* paisaje1.jpg */ = {isa = PBXFileReference; lastKnownFileType = image.jpeg; path = paisaje1.jpg; sourceTree = "<group>"; };
		45EA83931FC849E400A529F5 /* paisaje10.jpg */ = {isa = PBXFileReference; lastKnownFileType = image.jpeg; path = paisaje10.jpg; sourceTree = "<group>"; };
		45EA83941FC849E400A529F5 /* paisaje11.jpg */ = {isa = PBXFileReference; lastKnownFileType = image.jpeg; path = paisaje11.jpg; sourceTree = "<group>"; };
		45EA83951FC849E400A529F5 /* paisaje12.jpg */ = {isa = PBXFileReference; lastKnownFileType = image.jpeg; path = paisaje12.jpg; sourceTree = "<group>"; };
		45EA83961FC849E400A529F5 /* paisaje13.jpg */ = {isa = PBXFileReference; lastKnownFileType = image.jpeg; path = paisaje13.jpg; sourceTree = "<group>"; };
		45EA83971FC849E400A529F5 /* paisaje14.jpg */ = {isa = PBXFileReference; lastKnownFileType = image.jpeg; path = paisaje14.jpg; sourceTree = "<group>"; };
		45EA83981FC849E400A529F5 /* paisaje15.jpg */ = {isa = PBXFileReference; lastKnownFileType = image.jpeg; path = paisaje15.jpg; sourceTree = "<group>"; };
		45EA83991FC849E400A529F5 /* paisaje16.jpg */ = {isa = PBXFileReference; lastKnownFileType = image.jpeg; path = paisaje16.jpg; sourceTree = "<group>"; };
		45EA839A1FC849E400A529F5 /* paisaje2.jpg */ = {isa = PBXFileReference; lastKnownFileType = image.jpeg; path = paisaje2.jpg; sourceTree = "<group>"; };
		45EA839B1FC849E400A529F5 /* paisaje3.jpg */ = {isa = PBXFileReference; lastKnownFileType = image.jpeg; path = paisaje3.jpg; sourceTree = "<group>"; };
		45EA839C1FC849E400A529F5 /* paisaje4.jpg */ = {isa = PBXFileReference; lastKnownFileType = image.jpeg; path = paisaje4.jpg; sourceTree = "<group>"; };
		45EA839D1FC849E400A529F5 /* paisaje5.jpg */ = {isa = PBXFileReference; lastKnownFileType = image.jpeg; path = paisaje5.jpg; sourceTree = "<group>"; };
		45EA839E1FC849E400A529F5 /* paisaje6.jpg */ = {isa = PBXFileReference; lastKnownFileType = image.jpeg; path = paisaje6.jpg; sourceTree = "<group>"; };
		45EA839F1FC849E400A529F5 /* paisaje7.jpg */ = {isa = PBXFileReference; lastKnownFileType = image.jpeg; path = paisaje7.jpg; sourceTree = "<group>"; };
		45EA83A01FC849E400A529F5 /* paisaje8.jpg */ = {isa = PBXFileReference; lastKnownFileType = image.jpeg; path = paisaje8.jpg; sourceTree = "<group>"; };
		45EA83A11FC849E400A529F5 /* paisaje9.jpg */ = {isa = PBXFileReference; lastKnownFileType = image.jpeg; path = paisaje9.jpg; sourceTree = "<group>"; };
		45EA83A31FC849E400A529F5 /* platillo1.jpg */ = {isa = PBXFileReference; lastKnownFileType = image.jpeg; path = platillo1.jpg; sourceTree = "<group>"; };
		45EA83A41FC849E400A529F5 /* platillo10.jpg */ = {isa = PBXFileReference; lastKnownFileType = image.jpeg; path = platillo10.jpg; sourceTree = "<group>"; };
		45EA83A51FC849E400A529F5 /* platillo11.jpg */ = {isa = PBXFileReference; lastKnownFileType = image.jpeg; path = platillo11.jpg; sourceTree = "<group>"; };
		45EA83A61FC849E400A529F5 /* platillo12.jpg */ = {isa = PBXFileReference; lastKnownFileType = image.jpeg; path = platillo12.jpg; sourceTree = "<group>"; };
		45EA83A71FC849E400A529F5 /* platillo13.jpg */ = {isa = PBXFileReference; lastKnownFileType = image.jpeg; path = platillo13.jpg; sourceTree = "<group>"; };
		45EA83A81FC849E400A529F5 /* platillo14.jpg */ = {isa = PBXFileReference; lastKnownFileType = image.jpeg; path = platillo14.jpg; sourceTree = "<group>"; };
		45EA83A91FC849E400A529F5 /* platillo15.jpg */ = {isa = PBXFileReference; lastKnownFileType = image.jpeg; path = platillo15.jpg; sourceTree = "<group>"; };
		45EA83AA1FC849E400A529F5 /* platillo16.jpg */ = {isa = PBXFileReference; lastKnownFileType = image.jpeg; path = platillo16.jpg; sourceTree = "<group>"; };
		45EA83AB1FC849E400A529F5 /* platillo2.jpg */ = {isa = PBXFileReference; lastKnownFileType = image.jpeg; path = platillo2.jpg; sourceTree = "<group>"; };
		45EA83AC1FC849E400A529F5 /* platillo3.jpg */ = {isa = PBXFileReference; lastKnownFileType = image.jpeg; path = platillo3.jpg; sourceTree = "<group>"; };
		45EA83AD1FC849E400A529F5 /* platillo4.jpg */ = {isa = PBXFileReference; lastKnownFileType = image.jpeg; path = platillo4.jpg; sourceTree = "<group>"; };
		45EA83AE1FC849E400A529F5 /* platillo5.jpg */ = {isa = PBXFileReference; lastKnownFileType = image.jpeg; path = platillo5.jpg; sourceTree = "<group>"; };
		45EA83AF1FC849E400A529F5 /* platillo6.jpg */ = {isa = PBXFileReference; lastKnownFileType = image.jpeg; path = platillo6.jpg; sourceTree = "<group>"; };
		45EA83B01FC849E400A529F5 /* platillo7.jpg */ = {isa = PBXFileReference; lastKnownFileType = image.jpeg; path = platillo7.jpg; sourceTree = "<group>"; };
		45EA83B11FC849E400A529F5 /* platillo8.jpg */ = {isa = PBXFileReference; lastKnownFileType = image.jpeg; path = platillo8.jpg; sourceTree = "<group>"; };
		45EA83B21FC849E400A529F5 /* platillo9.jpg */ = {isa = PBXFileReference; lastKnownFileType = image.jpeg; path = platillo9.jpg; sourceTree = "<group>"; };
		45F57FA41F9D72BB009AAECB /* MemoryGame.app */ = {isa = PBXFileReference; explicitFileType = wrapper.application; includeInIndex = 0; path = MemoryGame.app; sourceTree = BUILT_PRODUCTS_DIR; };
		45F57FA71F9D72BB009AAECB /* AppDelegate.swift */ = {isa = PBXFileReference; lastKnownFileType = sourcecode.swift; path = AppDelegate.swift; sourceTree = "<group>"; };
		45F57FAE1F9D72BB009AAECB /* Base */ = {isa = PBXFileReference; lastKnownFileType = file.storyboard; name = Base; path = Base.lproj/Main.storyboard; sourceTree = "<group>"; };
		45F57FB01F9D72BB009AAECB /* Assets.xcassets */ = {isa = PBXFileReference; lastKnownFileType = folder.assetcatalog; path = Assets.xcassets; sourceTree = "<group>"; };
		45F57FB31F9D72BB009AAECB /* Base */ = {isa = PBXFileReference; lastKnownFileType = file.storyboard; name = Base; path = Base.lproj/LaunchScreen.storyboard; sourceTree = "<group>"; };
		45F57FB51F9D72BB009AAECB /* Info.plist */ = {isa = PBXFileReference; lastKnownFileType = text.plist.xml; path = Info.plist; sourceTree = "<group>"; };
		6DBA3EB2177595E432F077D0 /* Pods-MemoryGame.release.xcconfig */ = {isa = PBXFileReference; includeInIndex = 1; lastKnownFileType = text.xcconfig; name = "Pods-MemoryGame.release.xcconfig"; path = "Pods/Target Support Files/Pods-MemoryGame/Pods-MemoryGame.release.xcconfig"; sourceTree = "<group>"; };
		F3EE79C628AFB8602764A621 /* Pods_MemoryGame.framework */ = {isa = PBXFileReference; explicitFileType = wrapper.framework; includeInIndex = 0; path = Pods_MemoryGame.framework; sourceTree = BUILT_PRODUCTS_DIR; };
/* End PBXFileReference section */

/* Begin PBXFrameworksBuildPhase section */
		45F57FA11F9D72BB009AAECB /* Frameworks */ = {
			isa = PBXFrameworksBuildPhase;
			buildActionMask = 2147483647;
			files = (
				45DFD28D1FBEBCAA0095E97A /* UPCarouselFlowLayout.framework in Frameworks */,
				45DFD6DB1F9E33D5004BDD90 /* Foundation.framework in Frameworks */,
				45DFD6D81F9E33CF004BDD90 /* RealmSwift.framework in Frameworks */,
				45DFD6D61F9E33CB004BDD90 /* Realm.framework in Frameworks */,
				4580ABC91F9D820300E35B75 /* Pods_MemoryGame.framework in Frameworks */,
			);
			runOnlyForDeploymentPostprocessing = 0;
		};
/* End PBXFrameworksBuildPhase section */

/* Begin PBXGroup section */
		043AEE898E58EF4C7B40EC97 /* Frameworks */ = {
			isa = PBXGroup;
			children = (
				45DFD28E1FBEBCAA0095E97A /* UPCarouselFlowLayout.framework */,
				45DFD6DA1F9E33D5004BDD90 /* Foundation.framework */,
				45DFD6D91F9E33CF004BDD90 /* RealmSwift.framework */,
				45DFD6D71F9E33CB004BDD90 /* Realm.framework */,
				4580ABCC1F9D820600E35B75 /* PeekPop.framework */,
				4580ABCA1F9D820300E35B75 /* Pods_MemoryGame.framework */,
				F3EE79C628AFB8602764A621 /* Pods_MemoryGame.framework */,
			);
			name = Frameworks;
			sourceTree = "<group>";
		};
		456BB8B71F9E74CE00926546 /* Services */ = {
			isa = PBXGroup;
			children = (
				45D668161F9EB73600FE3D95 /* GameMasterService.swift */,
				45DFD2771FBCBAD80095E97A /* Minigame_Mode2.swift */,
				45D6681A1F9FB62800FE3D95 /* Minigame_Mode1.swift */,
				45D6681C1F9FD84100FE3D95 /* Extensions.swift */,
				45D84B7F1FAF38520016592D /* CategoryDataAcessService.swift */,
				455642121FB53CE6005765D2 /* MinigameDataAcessService.swift */,
				45A2BCBF1FC7E9C300C672CB /* TimerService.swift */,
			);
			path = Services;
			sourceTree = "<group>";
		};
		458CD7321FCB85B700DBAE2D /* Statistics */ = {
			isa = PBXGroup;
			children = (
				458CD7331FCB85E200DBAE2D /* StatisticsMinigameSelectionTableViewController.swift */,
				458CD7351FCB860600DBAE2D /* StatisticsDetailViewController.swift */,
			);
			path = Statistics;
			sourceTree = "<group>";
		};
		45D84B851FAFA70D0016592D /* GameCanvas */ = {
			isa = PBXGroup;
			children = (
				45060C861F9D8CE500A41E02 /* ImagesCollectionViewController.swift */,
				45060C881F9D8D6400A41E02 /* PreviewViewController.swift */,
				45060C8A1F9D8DE500A41E02 /* ImageCollectionViewCell.swift */,
				45473C521FBEF9A200C53EB1 /* DataLoader.swift */,
			);
			path = GameCanvas;
			sourceTree = "<group>";
		};
		45D84B861FAFA71E0016592D /* Settings-Categories */ = {
			isa = PBXGroup;
			children = (
				45DFD27B1FBE87680095E97A /* SettingsTableViewController.swift */,
				45D84B811FAF393C0016592D /* CategoryTableViewController.swift */,
				4544D3CB1FB0C4C5007881A4 /* HeaderCollectionReusableView.swift */,
				4544D3CD1FB0C4E3007881A4 /* CategoryImageCollectionViewCell.swift */,
				4544D3CF1FB0C4FC007881A4 /* CategoryDetailCollectionViewController.swift */,
				455642101FB53C84005765D2 /* MiniGamesTableViewController.swift */,
				455642161FB7962D005765D2 /* MinigameDetailTableViewController.swift */,
				45473C541FBF02E900C53EB1 /* GeneralSettingsViewController.swift */,
			);
			path = "Settings-Categories";
			sourceTree = "<group>";
		};
		45DFD27E1FBEA98E0095E97A /* MainScreen */ = {
			isa = PBXGroup;
			children = (
				45DFD2871FBEBB740095E97A /* ViewController.swift */,
				45DFD28B1FBEBBA20095E97A /* CarouselCollectionViewCell.swift */,
				45DFD2891FBEBB7E0095E97A /* Character.swift */,
				45DFD27F1FBEA9D60095E97A /* GradientView.swift */,
			);
			path = MainScreen;
			sourceTree = "<group>";
		};
		45DFD2951FBEBE030095E97A /* UPCarouselFlowLayout */ = {
			isa = PBXGroup;
			children = (
				45DFD2961FBEBE030095E97A /* Info.plist */,
				45DFD2971FBEBE030095E97A /* UPCarouselFlowLayout.h */,
				45DFD2981FBEBE030095E97A /* UPCarouselFlowLayout.swift */,
			);
			path = UPCarouselFlowLayout;
			sourceTree = "<group>";
		};
		45DFD6D11F9E3332004BDD90 /* Model */ = {
			isa = PBXGroup;
			children = (
				45DFD6D41F9E3372004BDD90 /* Category.swift */,
				45DFD6DC1F9E3435004BDD90 /* Picture.swift */,
				45DFD6DE1F9E34CB004BDD90 /* MiniGame.swift */,
				45D668181F9EF0B400FE3D95 /* Answer.swift */,
				45DFD2731FBC35B50095E97A /* SettingsModel.swift */,
			);
			path = Model;
			sourceTree = "<group>";
		};
		45EA83511FC849E400A529F5 /* Pictures */ = {
			isa = PBXGroup;
			children = (
				45EA83521FC849E400A529F5 /* Animales */,
				45EA83631FC849E400A529F5 /* Arte */,
				45EA836F1FC849E400A529F5 /* Banderas */,
				45EA83801FC849E400A529F5 /* Monumentos */,
				45EA83911FC849E400A529F5 /* Paisajes */,
				45EA83A21FC849E400A529F5 /* Platillos */,
			);
			path = Pictures;
			sourceTree = SOURCE_ROOT;
		};
		45EA83521FC849E400A529F5 /* Animales */ = {
			isa = PBXGroup;
			children = (
				45EA83531FC849E400A529F5 /* animales1.jpg */,
				45EA83541FC849E400A529F5 /* animales10.jpg */,
				45EA83551FC849E400A529F5 /* animales11.jpg */,
				45EA83561FC849E400A529F5 /* animales12.jpg */,
				45EA83571FC849E400A529F5 /* animales13.jpg */,
				45EA83581FC849E400A529F5 /* animales14.jpg */,
				45EA83591FC849E400A529F5 /* animales15.jpg */,
				45EA835A1FC849E400A529F5 /* animales16.jpg */,
				45EA835B1FC849E400A529F5 /* animales2.jpg */,
				45EA835C1FC849E400A529F5 /* animales3.jpg */,
				45EA835D1FC849E400A529F5 /* animales4.jpg */,
				45EA835E1FC849E400A529F5 /* animales5.jpg */,
				45EA835F1FC849E400A529F5 /* animales6.jpg */,
				45EA83601FC849E400A529F5 /* animales7.jpg */,
				45EA83611FC849E400A529F5 /* animales8.jpg */,
				45EA83621FC849E400A529F5 /* animales9.jpg */,
			);
			path = Animales;
			sourceTree = "<group>";
		};
		45EA83631FC849E400A529F5 /* Arte */ = {
			isa = PBXGroup;
			children = (
				45EA83641FC849E400A529F5 /* art1.jpg */,
				45EA83651FC849E400A529F5 /* art10.jpg */,
				45EA83661FC849E400A529F5 /* art11.jpg */,
				45EA83671FC849E400A529F5 /* art2.jpg */,
				45EA83681FC849E400A529F5 /* art3.jpg */,
				45EA83691FC849E400A529F5 /* art4.jpg */,
				45EA836A1FC849E400A529F5 /* art5.jpg */,
				45EA836B1FC849E400A529F5 /* art6.jpg */,
				45EA836C1FC849E400A529F5 /* art7.jpg */,
				45EA836D1FC849E400A529F5 /* art8.jpg */,
				45EA836E1FC849E400A529F5 /* art9.jpg */,
			);
			path = Arte;
			sourceTree = "<group>";
		};
		45EA836F1FC849E400A529F5 /* Banderas */ = {
			isa = PBXGroup;
			children = (
				45EA83701FC849E400A529F5 /* banderas1.jpg */,
				45EA83711FC849E400A529F5 /* banderas10.jpg */,
				45EA83721FC849E400A529F5 /* banderas11.jpg */,
				45EA83731FC849E400A529F5 /* banderas12.jpg */,
				45EA83741FC849E400A529F5 /* banderas13.jpg */,
				45EA83751FC849E400A529F5 /* banderas14.jpg */,
				45EA83761FC849E400A529F5 /* banderas15.jpg */,
				45EA83771FC849E400A529F5 /* banderas16.jpg */,
				45EA83781FC849E400A529F5 /* banderas2.jpg */,
				45EA83791FC849E400A529F5 /* banderas3.jpg */,
				45EA837A1FC849E400A529F5 /* banderas4.jpg */,
				45EA837B1FC849E400A529F5 /* banderas5.jpg */,
				45EA837C1FC849E400A529F5 /* banderas6.jpg */,
				45EA837D1FC849E400A529F5 /* banderas7.jpg */,
				45EA837E1FC849E400A529F5 /* banderas8.jpg */,
				45EA837F1FC849E400A529F5 /* banderas9.jpg */,
			);
			path = Banderas;
			sourceTree = "<group>";
		};
		45EA83801FC849E400A529F5 /* Monumentos */ = {
			isa = PBXGroup;
			children = (
				45EA83811FC849E400A529F5 /* historicos1.jpg */,
				45EA83821FC849E400A529F5 /* historicos10.jpg */,
				45EA83831FC849E400A529F5 /* historicos11.jpg */,
				45EA83841FC849E400A529F5 /* historicos12.jpg */,
				45EA83851FC849E400A529F5 /* historicos13.jpg */,
				45EA83861FC849E400A529F5 /* historicos14.jpg */,
				45EA83871FC849E400A529F5 /* historicos15.jpg */,
				45EA83881FC849E400A529F5 /* historicos16.jpg */,
				45EA83891FC849E400A529F5 /* historicos2.jpg */,
				45EA838A1FC849E400A529F5 /* historicos3.jpg */,
				45EA838B1FC849E400A529F5 /* historicos4.jpg */,
				45EA838C1FC849E400A529F5 /* historicos5.jpg */,
				45EA838D1FC849E400A529F5 /* historicos6.jpg */,
				45EA838E1FC849E400A529F5 /* historicos7.jpg */,
				45EA838F1FC849E400A529F5 /* historicos8.jpg */,
				45EA83901FC849E400A529F5 /* historicos9.jpg */,
			);
			path = Monumentos;
			sourceTree = "<group>";
		};
		45EA83911FC849E400A529F5 /* Paisajes */ = {
			isa = PBXGroup;
			children = (
				45EA83921FC849E400A529F5 /* paisaje1.jpg */,
				45EA83931FC849E400A529F5 /* paisaje10.jpg */,
				45EA83941FC849E400A529F5 /* paisaje11.jpg */,
				45EA83951FC849E400A529F5 /* paisaje12.jpg */,
				45EA83961FC849E400A529F5 /* paisaje13.jpg */,
				45EA83971FC849E400A529F5 /* paisaje14.jpg */,
				45EA83981FC849E400A529F5 /* paisaje15.jpg */,
				45EA83991FC849E400A529F5 /* paisaje16.jpg */,
				45EA839A1FC849E400A529F5 /* paisaje2.jpg */,
				45EA839B1FC849E400A529F5 /* paisaje3.jpg */,
				45EA839C1FC849E400A529F5 /* paisaje4.jpg */,
				45EA839D1FC849E400A529F5 /* paisaje5.jpg */,
				45EA839E1FC849E400A529F5 /* paisaje6.jpg */,
				45EA839F1FC849E400A529F5 /* paisaje7.jpg */,
				45EA83A01FC849E400A529F5 /* paisaje8.jpg */,
				45EA83A11FC849E400A529F5 /* paisaje9.jpg */,
			);
			path = Paisajes;
			sourceTree = "<group>";
		};
		45EA83A21FC849E400A529F5 /* Platillos */ = {
			isa = PBXGroup;
			children = (
				45EA83A31FC849E400A529F5 /* platillo1.jpg */,
				45EA83A41FC849E400A529F5 /* platillo10.jpg */,
				45EA83A51FC849E400A529F5 /* platillo11.jpg */,
				45EA83A61FC849E400A529F5 /* platillo12.jpg */,
				45EA83A71FC849E400A529F5 /* platillo13.jpg */,
				45EA83A81FC849E400A529F5 /* platillo14.jpg */,
				45EA83A91FC849E400A529F5 /* platillo15.jpg */,
				45EA83AA1FC849E400A529F5 /* platillo16.jpg */,
				45EA83AB1FC849E400A529F5 /* platillo2.jpg */,
				45EA83AC1FC849E400A529F5 /* platillo3.jpg */,
				45EA83AD1FC849E400A529F5 /* platillo4.jpg */,
				45EA83AE1FC849E400A529F5 /* platillo5.jpg */,
				45EA83AF1FC849E400A529F5 /* platillo6.jpg */,
				45EA83B01FC849E400A529F5 /* platillo7.jpg */,
				45EA83B11FC849E400A529F5 /* platillo8.jpg */,
				45EA83B21FC849E400A529F5 /* platillo9.jpg */,
			);
			path = Platillos;
			sourceTree = "<group>";
		};
		45F57F9B1F9D72BB009AAECB = {
			isa = PBXGroup;
			children = (
				45DFD2951FBEBE030095E97A /* UPCarouselFlowLayout */,
				45F57FA61F9D72BB009AAECB /* MemoryGame */,
				45F57FA51F9D72BB009AAECB /* Products */,
				86B17DD1A93BE71210584A82 /* Pods */,
				043AEE898E58EF4C7B40EC97 /* Frameworks */,
			);
			sourceTree = "<group>";
		};
		45F57FA51F9D72BB009AAECB /* Products */ = {
			isa = PBXGroup;
			children = (
				45F57FA41F9D72BB009AAECB /* MemoryGame.app */,
			);
			name = Products;
			sourceTree = "<group>";
		};
		45F57FA61F9D72BB009AAECB /* MemoryGame */ = {
			isa = PBXGroup;
			children = (
				45EA83511FC849E400A529F5 /* Pictures */,
				45F57FBB1F9D7751009AAECB /* View Controllers */,
				45DFD6D11F9E3332004BDD90 /* Model */,
				456BB8B71F9E74CE00926546 /* Services */,
				45F57FA71F9D72BB009AAECB /* AppDelegate.swift */,
				45F57FAD1F9D72BB009AAECB /* Main.storyboard */,
				45F57FB01F9D72BB009AAECB /* Assets.xcassets */,
				45F57FB21F9D72BB009AAECB /* LaunchScreen.storyboard */,
				45F57FB51F9D72BB009AAECB /* Info.plist */,
			);
			path = MemoryGame;
			sourceTree = "<group>";
		};
		45F57FBB1F9D7751009AAECB /* View Controllers */ = {
			isa = PBXGroup;
			children = (
				458CD7321FCB85B700DBAE2D /* Statistics */,
				45DFD27E1FBEA98E0095E97A /* MainScreen */,
				45D84B861FAFA71E0016592D /* Settings-Categories */,
				45D84B851FAFA70D0016592D /* GameCanvas */,
			);
			path = "View Controllers";
			sourceTree = "<group>";
		};
		86B17DD1A93BE71210584A82 /* Pods */ = {
			isa = PBXGroup;
			children = (
				19DA6C1559659417BEB77278 /* Pods-MemoryGame.debug.xcconfig */,
				6DBA3EB2177595E432F077D0 /* Pods-MemoryGame.release.xcconfig */,
			);
			name = Pods;
			sourceTree = "<group>";
		};
/* End PBXGroup section */

/* Begin PBXNativeTarget section */
		45F57FA31F9D72BB009AAECB /* MemoryGame */ = {
			isa = PBXNativeTarget;
			buildConfigurationList = 45F57FB81F9D72BB009AAECB /* Build configuration list for PBXNativeTarget "MemoryGame" */;
			buildPhases = (
				D39885F3D4A20CEA57B83EEE /* [CP] Check Pods Manifest.lock */,
				45F57FA01F9D72BB009AAECB /* Sources */,
				45F57FA11F9D72BB009AAECB /* Frameworks */,
				45F57FA21F9D72BB009AAECB /* Resources */,
				7FCEE78CAAD55E85CF53281F /* [CP] Embed Pods Frameworks */,
				7F2362C10F7E66C7B681EA13 /* [CP] Copy Pods Resources */,
			);
			buildRules = (
			);
			dependencies = (
			);
			name = MemoryGame;
			productName = MemoryGame;
			productReference = 45F57FA41F9D72BB009AAECB /* MemoryGame.app */;
			productType = "com.apple.product-type.application";
		};
/* End PBXNativeTarget section */

/* Begin PBXProject section */
		45F57F9C1F9D72BB009AAECB /* Project object */ = {
			isa = PBXProject;
			attributes = {
				LastSwiftUpdateCheck = 0900;
				LastUpgradeCheck = 0900;
				ORGANIZATIONNAME = "Ruben Hidalgo";
				TargetAttributes = {
					45F57FA31F9D72BB009AAECB = {
						CreatedOnToolsVersion = 9.0;
						ProvisioningStyle = Automatic;
					};
				};
			};
			buildConfigurationList = 45F57F9F1F9D72BB009AAECB /* Build configuration list for PBXProject "MemoryGame" */;
			compatibilityVersion = "Xcode 8.0";
			developmentRegion = en;
			hasScannedForEncodings = 0;
			knownRegions = (
				en,
				Base,
			);
			mainGroup = 45F57F9B1F9D72BB009AAECB;
			productRefGroup = 45F57FA51F9D72BB009AAECB /* Products */;
			projectDirPath = "";
			projectRoot = "";
			targets = (
				45F57FA31F9D72BB009AAECB /* MemoryGame */,
			);
		};
/* End PBXProject section */

/* Begin PBXResourcesBuildPhase section */
		45F57FA21F9D72BB009AAECB /* Resources */ = {
			isa = PBXResourcesBuildPhase;
			buildActionMask = 2147483647;
			files = (
				45EA83ED1FC849E400A529F5 /* historicos9.jpg in Resources */,
				45EA83E31FC849E400A529F5 /* historicos14.jpg in Resources */,
				45EA83F61FC849E400A529F5 /* paisaje2.jpg in Resources */,
				45EA83C91FC849E400A529F5 /* art5.jpg in Resources */,
				45EA83BD1FC849E400A529F5 /* animales4.jpg in Resources */,
				45EA83B41FC849E400A529F5 /* animales10.jpg in Resources */,
				45EA83B51FC849E400A529F5 /* animales11.jpg in Resources */,
				45EA83B81FC849E400A529F5 /* animales14.jpg in Resources */,
				45EA83B71FC849E400A529F5 /* animales13.jpg in Resources */,
				45EA83E61FC849E400A529F5 /* historicos2.jpg in Resources */,
				45EA83EE1FC849E400A529F5 /* paisaje1.jpg in Resources */,
				45EA83E71FC849E400A529F5 /* historicos3.jpg in Resources */,
				45EA83BC1FC849E400A529F5 /* animales3.jpg in Resources */,
				45EA83FE1FC849E400A529F5 /* platillo1.jpg in Resources */,
				45EA83F81FC849E400A529F5 /* paisaje4.jpg in Resources */,
				45EA83B31FC849E400A529F5 /* animales1.jpg in Resources */,
				45EA83FD1FC849E400A529F5 /* paisaje9.jpg in Resources */,
				45EA83C21FC849E400A529F5 /* animales9.jpg in Resources */,
				45EA84021FC849E400A529F5 /* platillo13.jpg in Resources */,
				45EA83CE1FC849E400A529F5 /* banderas1.jpg in Resources */,
				45EA83B91FC849E400A529F5 /* animales15.jpg in Resources */,
				45EA83CF1FC849E400A529F5 /* banderas10.jpg in Resources */,
				45EA83DD1FC849E400A529F5 /* banderas9.jpg in Resources */,
				45EA83CD1FC849E400A529F5 /* art9.jpg in Resources */,
				45EA83F21FC849E400A529F5 /* paisaje13.jpg in Resources */,
				45EA83D51FC849E400A529F5 /* banderas16.jpg in Resources */,
				45EA84031FC849E400A529F5 /* platillo14.jpg in Resources */,
				45EA84091FC849E400A529F5 /* platillo5.jpg in Resources */,
				45EA83C61FC849E400A529F5 /* art2.jpg in Resources */,
				45EA83EF1FC849E400A529F5 /* paisaje10.jpg in Resources */,
				45EA83DA1FC849E400A529F5 /* banderas6.jpg in Resources */,
				45EA840D1FC849E400A529F5 /* platillo9.jpg in Resources */,
				45EA83F71FC849E400A529F5 /* paisaje3.jpg in Resources */,
				45EA83D41FC849E400A529F5 /* banderas15.jpg in Resources */,
				45EA83C41FC849E400A529F5 /* art10.jpg in Resources */,
				45EA840C1FC849E400A529F5 /* platillo8.jpg in Resources */,
				45EA83E81FC849E400A529F5 /* historicos4.jpg in Resources */,
				45EA83EB1FC849E400A529F5 /* historicos7.jpg in Resources */,
				45EA83F41FC849E400A529F5 /* paisaje15.jpg in Resources */,
				45EA83BA1FC849E400A529F5 /* animales16.jpg in Resources */,
				45EA83D31FC849E400A529F5 /* banderas14.jpg in Resources */,
				45EA83C01FC849E400A529F5 /* animales7.jpg in Resources */,
				45DFD2991FBEBE030095E97A /* Info.plist in Resources */,
				45EA83FF1FC849E400A529F5 /* platillo10.jpg in Resources */,
				45EA83FB1FC849E400A529F5 /* paisaje7.jpg in Resources */,
				45EA83E41FC849E400A529F5 /* historicos15.jpg in Resources */,
				45EA83C81FC849E400A529F5 /* art4.jpg in Resources */,
				45EA83D61FC849E400A529F5 /* banderas2.jpg in Resources */,
				45EA83C31FC849E400A529F5 /* art1.jpg in Resources */,
				45F57FB41F9D72BB009AAECB /* LaunchScreen.storyboard in Resources */,
				45EA83D21FC849E400A529F5 /* banderas13.jpg in Resources */,
				45EA83F11FC849E400A529F5 /* paisaje12.jpg in Resources */,
				45EA83D81FC849E400A529F5 /* banderas4.jpg in Resources */,
				45EA83D01FC849E400A529F5 /* banderas11.jpg in Resources */,
				45EA84011FC849E400A529F5 /* platillo12.jpg in Resources */,
				45EA84041FC849E400A529F5 /* platillo15.jpg in Resources */,
				45EA83EA1FC849E400A529F5 /* historicos6.jpg in Resources */,
				45EA83CC1FC849E400A529F5 /* art8.jpg in Resources */,
				45EA83CA1FC849E400A529F5 /* art6.jpg in Resources */,
				45EA83DF1FC849E400A529F5 /* historicos10.jpg in Resources */,
				45EA83DB1FC849E400A529F5 /* banderas7.jpg in Resources */,
				45EA83F91FC849E400A529F5 /* paisaje5.jpg in Resources */,
				45EA83FA1FC849E400A529F5 /* paisaje6.jpg in Resources */,
				45EA84071FC849E400A529F5 /* platillo3.jpg in Resources */,
				45F57FB11F9D72BB009AAECB /* Assets.xcassets in Resources */,
				45EA83D11FC849E400A529F5 /* banderas12.jpg in Resources */,
				45EA83CB1FC849E400A529F5 /* art7.jpg in Resources */,
				45EA83B61FC849E400A529F5 /* animales12.jpg in Resources */,
				45EA83DC1FC849E400A529F5 /* banderas8.jpg in Resources */,
				45EA83D71FC849E400A529F5 /* banderas3.jpg in Resources */,
				45EA83BE1FC849E400A529F5 /* animales5.jpg in Resources */,
				45EA83DE1FC849E400A529F5 /* historicos1.jpg in Resources */,
				45EA83F51FC849E400A529F5 /* paisaje16.jpg in Resources */,
				45EA83C11FC849E400A529F5 /* animales8.jpg in Resources */,
				45EA83E21FC849E400A529F5 /* historicos13.jpg in Resources */,
				45EA83E11FC849E400A529F5 /* historicos12.jpg in Resources */,
				45EA83BB1FC849E400A529F5 /* animales2.jpg in Resources */,
				45F57FAF1F9D72BB009AAECB /* Main.storyboard in Resources */,
				45EA83E91FC849E400A529F5 /* historicos5.jpg in Resources */,
				45EA83F01FC849E400A529F5 /* paisaje11.jpg in Resources */,
				45EA83E01FC849E400A529F5 /* historicos11.jpg in Resources */,
				45EA84081FC849E400A529F5 /* platillo4.jpg in Resources */,
				45EA83F31FC849E400A529F5 /* paisaje14.jpg in Resources */,
				45EA840B1FC849E400A529F5 /* platillo7.jpg in Resources */,
				45EA83C71FC849E400A529F5 /* art3.jpg in Resources */,
				45EA84061FC849E400A529F5 /* platillo2.jpg in Resources */,
				45EA83FC1FC849E400A529F5 /* paisaje8.jpg in Resources */,
				45EA83EC1FC849E400A529F5 /* historicos8.jpg in Resources */,
				45EA83D91FC849E400A529F5 /* banderas5.jpg in Resources */,
				45EA83E51FC849E400A529F5 /* historicos16.jpg in Resources */,
				45EA83C51FC849E400A529F5 /* art11.jpg in Resources */,
				45EA84001FC849E400A529F5 /* platillo11.jpg in Resources */,
				45EA83BF1FC849E400A529F5 /* animales6.jpg in Resources */,
				45EA84051FC849E400A529F5 /* platillo16.jpg in Resources */,
				45EA840A1FC849E400A529F5 /* platillo6.jpg in Resources */,
			);
			runOnlyForDeploymentPostprocessing = 0;
		};
/* End PBXResourcesBuildPhase section */

/* Begin PBXShellScriptBuildPhase section */
		7F2362C10F7E66C7B681EA13 /* [CP] Copy Pods Resources */ = {
			isa = PBXShellScriptBuildPhase;
			buildActionMask = 2147483647;
			files = (
			);
			inputPaths = (
			);
			name = "[CP] Copy Pods Resources";
			outputPaths = (
			);
			runOnlyForDeploymentPostprocessing = 0;
			shellPath = /bin/sh;
			shellScript = "\"${SRCROOT}/Pods/Target Support Files/Pods-MemoryGame/Pods-MemoryGame-resources.sh\"\n";
			showEnvVarsInLog = 0;
		};
		7FCEE78CAAD55E85CF53281F /* [CP] Embed Pods Frameworks */ = {
			isa = PBXShellScriptBuildPhase;
			buildActionMask = 2147483647;
			files = (
			);
			inputPaths = (
				"${SRCROOT}/Pods/Target Support Files/Pods-MemoryGame/Pods-MemoryGame-frameworks.sh",
				"${BUILT_PRODUCTS_DIR}/ALCameraViewController/ALCameraViewController.framework",
				"${BUILT_PRODUCTS_DIR}/PeekPop/PeekPop.framework",
				"${BUILT_PRODUCTS_DIR}/PopupDialog/PopupDialog.framework",
				"${BUILT_PRODUCTS_DIR}/Realm/Realm.framework",
				"${BUILT_PRODUCTS_DIR}/RealmSwift/RealmSwift.framework",
				"${BUILT_PRODUCTS_DIR}/SimpleImageViewer/SimpleImageViewer.framework",
				"${BUILT_PRODUCTS_DIR}/UPCarouselFlowLayout/UPCarouselFlowLayout.framework",
			);
			name = "[CP] Embed Pods Frameworks";
			outputPaths = (
				"${TARGET_BUILD_DIR}/${FRAMEWORKS_FOLDER_PATH}/ALCameraViewController.framework",
				"${TARGET_BUILD_DIR}/${FRAMEWORKS_FOLDER_PATH}/PeekPop.framework",
				"${TARGET_BUILD_DIR}/${FRAMEWORKS_FOLDER_PATH}/PopupDialog.framework",
				"${TARGET_BUILD_DIR}/${FRAMEWORKS_FOLDER_PATH}/Realm.framework",
				"${TARGET_BUILD_DIR}/${FRAMEWORKS_FOLDER_PATH}/RealmSwift.framework",
				"${TARGET_BUILD_DIR}/${FRAMEWORKS_FOLDER_PATH}/SimpleImageViewer.framework",
				"${TARGET_BUILD_DIR}/${FRAMEWORKS_FOLDER_PATH}/UPCarouselFlowLayout.framework",
			);
			runOnlyForDeploymentPostprocessing = 0;
			shellPath = /bin/sh;
			shellScript = "\"${SRCROOT}/Pods/Target Support Files/Pods-MemoryGame/Pods-MemoryGame-frameworks.sh\"\n";
			showEnvVarsInLog = 0;
		};
		D39885F3D4A20CEA57B83EEE /* [CP] Check Pods Manifest.lock */ = {
			isa = PBXShellScriptBuildPhase;
			buildActionMask = 2147483647;
			files = (
			);
			inputPaths = (
				"${PODS_PODFILE_DIR_PATH}/Podfile.lock",
				"${PODS_ROOT}/Manifest.lock",
			);
			name = "[CP] Check Pods Manifest.lock";
			outputPaths = (
				"$(DERIVED_FILE_DIR)/Pods-MemoryGame-checkManifestLockResult.txt",
			);
			runOnlyForDeploymentPostprocessing = 0;
			shellPath = /bin/sh;
			shellScript = "diff \"${PODS_PODFILE_DIR_PATH}/Podfile.lock\" \"${PODS_ROOT}/Manifest.lock\" > /dev/null\nif [ $? != 0 ] ; then\n    # print error to STDERR\n    echo \"error: The sandbox is not in sync with the Podfile.lock. Run 'pod install' or update your CocoaPods installation.\" >&2\n    exit 1\nfi\n# This output is used by Xcode 'outputs' to avoid re-running this script phase.\necho \"SUCCESS\" > \"${SCRIPT_OUTPUT_FILE_0}\"\n";
			showEnvVarsInLog = 0;
		};
/* End PBXShellScriptBuildPhase section */

/* Begin PBXSourcesBuildPhase section */
		45F57FA01F9D72BB009AAECB /* Sources */ = {
			isa = PBXSourcesBuildPhase;
			buildActionMask = 2147483647;
			files = (
				45DFD28A1FBEBB7E0095E97A /* Character.swift in Sources */,
				45DFD2781FBCBAD80095E97A /* Minigame_Mode2.swift in Sources */,
				45D84B801FAF38520016592D /* CategoryDataAcessService.swift in Sources */,
				45DFD6DF1F9E34CB004BDD90 /* MiniGame.swift in Sources */,
				45F57FA81F9D72BB009AAECB /* AppDelegate.swift in Sources */,
				45D6681D1F9FD84100FE3D95 /* Extensions.swift in Sources */,
				45DFD29A1FBEBE030095E97A /* UPCarouselFlowLayout.swift in Sources */,
				458CD7341FCB85E200DBAE2D /* StatisticsMinigameSelectionTableViewController.swift in Sources */,
				455642111FB53C84005765D2 /* MiniGamesTableViewController.swift in Sources */,
				455642131FB53CE6005765D2 /* MinigameDataAcessService.swift in Sources */,
				45A2BCC01FC7E9C300C672CB /* TimerService.swift in Sources */,
				45060C8B1F9D8DE500A41E02 /* ImageCollectionViewCell.swift in Sources */,
				45DFD2881FBEBB750095E97A /* ViewController.swift in Sources */,
				45060C871F9D8CE500A41E02 /* ImagesCollectionViewController.swift in Sources */,
				45D84B821FAF393C0016592D /* CategoryTableViewController.swift in Sources */,
				45DFD28C1FBEBBA20095E97A /* CarouselCollectionViewCell.swift in Sources */,
				4544D3CE1FB0C4E3007881A4 /* CategoryImageCollectionViewCell.swift in Sources */,
				455642171FB7962D005765D2 /* MinigameDetailTableViewController.swift in Sources */,
				45DFD2741FBC35B50095E97A /* SettingsModel.swift in Sources */,
				45DFD6DD1F9E3435004BDD90 /* Picture.swift in Sources */,
				45DFD2801FBEA9D60095E97A /* GradientView.swift in Sources */,
				45D668171F9EB73600FE3D95 /* GameMasterService.swift in Sources */,
				45D668191F9EF0B400FE3D95 /* Answer.swift in Sources */,
				45060C891F9D8D6400A41E02 /* PreviewViewController.swift in Sources */,
				45DFD6D51F9E3372004BDD90 /* Category.swift in Sources */,
				4544D3CC1FB0C4C5007881A4 /* HeaderCollectionReusableView.swift in Sources */,
				45473C531FBEF9A200C53EB1 /* DataLoader.swift in Sources */,
				45D6681B1F9FB62800FE3D95 /* Minigame_Mode1.swift in Sources */,
				458CD7361FCB860600DBAE2D /* StatisticsDetailViewController.swift in Sources */,
				45DFD27C1FBE87680095E97A /* SettingsTableViewController.swift in Sources */,
				45473C551FBF02E900C53EB1 /* GeneralSettingsViewController.swift in Sources */,
				4544D3D01FB0C4FC007881A4 /* CategoryDetailCollectionViewController.swift in Sources */,
			);
			runOnlyForDeploymentPostprocessing = 0;
		};
/* End PBXSourcesBuildPhase section */

/* Begin PBXVariantGroup section */
		45F57FAD1F9D72BB009AAECB /* Main.storyboard */ = {
			isa = PBXVariantGroup;
			children = (
				45F57FAE1F9D72BB009AAECB /* Base */,
			);
			name = Main.storyboard;
			sourceTree = "<group>";
		};
		45F57FB21F9D72BB009AAECB /* LaunchScreen.storyboard */ = {
			isa = PBXVariantGroup;
			children = (
				45F57FB31F9D72BB009AAECB /* Base */,
			);
			name = LaunchScreen.storyboard;
			sourceTree = "<group>";
		};
/* End PBXVariantGroup section */

/* Begin XCBuildConfiguration section */
		45F57FB61F9D72BB009AAECB /* Debug */ = {
			isa = XCBuildConfiguration;
			buildSettings = {
				ALWAYS_SEARCH_USER_PATHS = NO;
				CLANG_ANALYZER_NONNULL = YES;
				CLANG_ANALYZER_NUMBER_OBJECT_CONVERSION = YES_AGGRESSIVE;
				CLANG_CXX_LANGUAGE_STANDARD = "gnu++14";
				CLANG_CXX_LIBRARY = "libc++";
				CLANG_ENABLE_MODULES = YES;
				CLANG_ENABLE_OBJC_ARC = YES;
				CLANG_WARN_BLOCK_CAPTURE_AUTORELEASING = YES;
				CLANG_WARN_BOOL_CONVERSION = YES;
				CLANG_WARN_COMMA = YES;
				CLANG_WARN_CONSTANT_CONVERSION = YES;
				CLANG_WARN_DIRECT_OBJC_ISA_USAGE = YES_ERROR;
				CLANG_WARN_DOCUMENTATION_COMMENTS = YES;
				CLANG_WARN_EMPTY_BODY = YES;
				CLANG_WARN_ENUM_CONVERSION = YES;
				CLANG_WARN_INFINITE_RECURSION = YES;
				CLANG_WARN_INT_CONVERSION = YES;
				CLANG_WARN_NON_LITERAL_NULL_CONVERSION = YES;
				CLANG_WARN_OBJC_LITERAL_CONVERSION = YES;
				CLANG_WARN_OBJC_ROOT_CLASS = YES_ERROR;
				CLANG_WARN_RANGE_LOOP_ANALYSIS = YES;
				CLANG_WARN_STRICT_PROTOTYPES = YES;
				CLANG_WARN_SUSPICIOUS_MOVE = YES;
				CLANG_WARN_UNGUARDED_AVAILABILITY = YES_AGGRESSIVE;
				CLANG_WARN_UNREACHABLE_CODE = YES;
				CLANG_WARN__DUPLICATE_METHOD_MATCH = YES;
				CODE_SIGN_IDENTITY = "iPhone Developer";
				COPY_PHASE_STRIP = NO;
				DEBUG_INFORMATION_FORMAT = dwarf;
				ENABLE_STRICT_OBJC_MSGSEND = YES;
				ENABLE_TESTABILITY = YES;
				GCC_C_LANGUAGE_STANDARD = gnu11;
				GCC_DYNAMIC_NO_PIC = NO;
				GCC_NO_COMMON_BLOCKS = YES;
				GCC_OPTIMIZATION_LEVEL = 0;
				GCC_PREPROCESSOR_DEFINITIONS = (
					"DEBUG=1",
					"$(inherited)",
				);
				GCC_WARN_64_TO_32_BIT_CONVERSION = YES;
				GCC_WARN_ABOUT_RETURN_TYPE = YES_ERROR;
				GCC_WARN_UNDECLARED_SELECTOR = YES;
				GCC_WARN_UNINITIALIZED_AUTOS = YES_AGGRESSIVE;
				GCC_WARN_UNUSED_FUNCTION = YES;
				GCC_WARN_UNUSED_VARIABLE = YES;
				IPHONEOS_DEPLOYMENT_TARGET = 11.0;
				MTL_ENABLE_DEBUG_INFO = YES;
				ONLY_ACTIVE_ARCH = YES;
				SDKROOT = iphoneos;
				SWIFT_ACTIVE_COMPILATION_CONDITIONS = DEBUG;
				SWIFT_OPTIMIZATION_LEVEL = "-Onone";
			};
			name = Debug;
		};
		45F57FB71F9D72BB009AAECB /* Release */ = {
			isa = XCBuildConfiguration;
			buildSettings = {
				ALWAYS_SEARCH_USER_PATHS = NO;
				CLANG_ANALYZER_NONNULL = YES;
				CLANG_ANALYZER_NUMBER_OBJECT_CONVERSION = YES_AGGRESSIVE;
				CLANG_CXX_LANGUAGE_STANDARD = "gnu++14";
				CLANG_CXX_LIBRARY = "libc++";
				CLANG_ENABLE_MODULES = YES;
				CLANG_ENABLE_OBJC_ARC = YES;
				CLANG_WARN_BLOCK_CAPTURE_AUTORELEASING = YES;
				CLANG_WARN_BOOL_CONVERSION = YES;
				CLANG_WARN_COMMA = YES;
				CLANG_WARN_CONSTANT_CONVERSION = YES;
				CLANG_WARN_DIRECT_OBJC_ISA_USAGE = YES_ERROR;
				CLANG_WARN_DOCUMENTATION_COMMENTS = YES;
				CLANG_WARN_EMPTY_BODY = YES;
				CLANG_WARN_ENUM_CONVERSION = YES;
				CLANG_WARN_INFINITE_RECURSION = YES;
				CLANG_WARN_INT_CONVERSION = YES;
				CLANG_WARN_NON_LITERAL_NULL_CONVERSION = YES;
				CLANG_WARN_OBJC_LITERAL_CONVERSION = YES;
				CLANG_WARN_OBJC_ROOT_CLASS = YES_ERROR;
				CLANG_WARN_RANGE_LOOP_ANALYSIS = YES;
				CLANG_WARN_STRICT_PROTOTYPES = YES;
				CLANG_WARN_SUSPICIOUS_MOVE = YES;
				CLANG_WARN_UNGUARDED_AVAILABILITY = YES_AGGRESSIVE;
				CLANG_WARN_UNREACHABLE_CODE = YES;
				CLANG_WARN__DUPLICATE_METHOD_MATCH = YES;
				CODE_SIGN_IDENTITY = "iPhone Developer";
				COPY_PHASE_STRIP = NO;
				DEBUG_INFORMATION_FORMAT = "dwarf-with-dsym";
				ENABLE_NS_ASSERTIONS = NO;
				ENABLE_STRICT_OBJC_MSGSEND = YES;
				GCC_C_LANGUAGE_STANDARD = gnu11;
				GCC_NO_COMMON_BLOCKS = YES;
				GCC_WARN_64_TO_32_BIT_CONVERSION = YES;
				GCC_WARN_ABOUT_RETURN_TYPE = YES_ERROR;
				GCC_WARN_UNDECLARED_SELECTOR = YES;
				GCC_WARN_UNINITIALIZED_AUTOS = YES_AGGRESSIVE;
				GCC_WARN_UNUSED_FUNCTION = YES;
				GCC_WARN_UNUSED_VARIABLE = YES;
				IPHONEOS_DEPLOYMENT_TARGET = 11.0;
				MTL_ENABLE_DEBUG_INFO = NO;
				SDKROOT = iphoneos;
				SWIFT_OPTIMIZATION_LEVEL = "-Owholemodule";
				VALIDATE_PRODUCT = YES;
			};
			name = Release;
		};
		45F57FB91F9D72BB009AAECB /* Debug */ = {
			isa = XCBuildConfiguration;
			baseConfigurationReference = 19DA6C1559659417BEB77278 /* Pods-MemoryGame.debug.xcconfig */;
			buildSettings = {
				ASSETCATALOG_COMPILER_APPICON_NAME = AppIcon;
				"CODE_SIGN_IDENTITY[sdk=iphoneos*]" = "iPhone Developer";
				CODE_SIGN_STYLE = Automatic;
				DEVELOPMENT_TEAM = DAFU744LYN;
				INFOPLIST_FILE = MemoryGame/Info.plist;
				IPHONEOS_DEPLOYMENT_TARGET = 11.0;
				LD_RUNPATH_SEARCH_PATHS = "$(inherited) @executable_path/Frameworks";
				PRODUCT_BUNDLE_IDENTIFIER = edu.itesmalumnos.minijuegosCognitivos;
				PRODUCT_NAME = "$(TARGET_NAME)";
				PROVISIONING_PROFILE_SPECIFIER = "";
				SWIFT_VERSION = 4.0;
				TARGETED_DEVICE_FAMILY = "1,2";
			};
			name = Debug;
		};
		45F57FBA1F9D72BB009AAECB /* Release */ = {
			isa = XCBuildConfiguration;
			baseConfigurationReference = 6DBA3EB2177595E432F077D0 /* Pods-MemoryGame.release.xcconfig */;
			buildSettings = {
				ASSETCATALOG_COMPILER_APPICON_NAME = AppIcon;
				"CODE_SIGN_IDENTITY[sdk=iphoneos*]" = "iPhone Developer";
				CODE_SIGN_STYLE = Automatic;
				DEVELOPMENT_TEAM = DAFU744LYN;
				INFOPLIST_FILE = MemoryGame/Info.plist;
				IPHONEOS_DEPLOYMENT_TARGET = 11.0;
				LD_RUNPATH_SEARCH_PATHS = "$(inherited) @executable_path/Frameworks";
				PRODUCT_BUNDLE_IDENTIFIER = edu.itesmalumnos.minijuegosCognitivos;
				PRODUCT_NAME = "$(TARGET_NAME)";
				PROVISIONING_PROFILE_SPECIFIER = "";
				SWIFT_VERSION = 4.0;
				TARGETED_DEVICE_FAMILY = "1,2";
			};
			name = Release;
		};
/* End XCBuildConfiguration section */

/* Begin XCConfigurationList section */
		45F57F9F1F9D72BB009AAECB /* Build configuration list for PBXProject "MemoryGame" */ = {
			isa = XCConfigurationList;
			buildConfigurations = (
				45F57FB61F9D72BB009AAECB /* Debug */,
				45F57FB71F9D72BB009AAECB /* Release */,
			);
			defaultConfigurationIsVisible = 0;
			defaultConfigurationName = Release;
		};
		45F57FB81F9D72BB009AAECB /* Build configuration list for PBXNativeTarget "MemoryGame" */ = {
			isa = XCConfigurationList;
			buildConfigurations = (
				45F57FB91F9D72BB009AAECB /* Debug */,
				45F57FBA1F9D72BB009AAECB /* Release */,
			);
			defaultConfigurationIsVisible = 0;
			defaultConfigurationName = Release;
		};
/* End XCConfigurationList section */
	};
	rootObject = 45F57F9C1F9D72BB009AAECB /* Project object */;
}
